
Microsoft Visual Studio Solution File, Format Version 12.00
# Visual Studio Version 17
VisualStudioVersion = 17.7.34018.315
MinimumVisualStudioVersion = 10.0.40219.1
Project("{FAE04EC0-301F-11D3-BF4B-00C04F79EFBC}") = "SCPObjectives", "SCPObjectives\SCPObjectives.csproj", "{64FD0725-66EE-4245-B1EF-AF9B1300E03A}"
EndProject
Project("{FAE04EC0-301F-11D3-BF4B-00C04F79EFBC}") = "SCPObjectives-NWAPI", "SCPObjectives-NWAPI\SCPObjectives-NWAPI.csproj", "{D6F8C4A1-10CC-41A6-920F-708610B98DAA}"
EndProject
Global
	GlobalSection(SolutionConfigurationPlatforms) = preSolution
		Debug|Any CPU = Debug|Any CPU
		Release|Any CPU = Release|Any CPU
	EndGlobalSection
	GlobalSection(ProjectConfigurationPlatforms) = postSolution
		{64FD0725-66EE-4245-B1EF-AF9B1300E03A}.Debug|Any CPU.ActiveCfg = Debug|Any CPU
		{64FD0725-66EE-4245-B1EF-AF9B1300E03A}.Debug|Any CPU.Build.0 = Debug|Any CPU
		{64FD0725-66EE-4245-B1EF-AF9B1300E03A}.Release|Any CPU.ActiveCfg = Release|Any CPU
		{64FD0725-66EE-4245-B1EF-AF9B1300E03A}.Release|Any CPU.Build.0 = Release|Any CPU
		{D6F8C4A1-10CC-41A6-920F-708610B98DAA}.Debug|Any CPU.ActiveCfg = Debug|Any CPU
		{D6F8C4A1-10CC-41A6-920F-708610B98DAA}.Debug|Any CPU.Build.0 = Debug|Any CPU
		{D6F8C4A1-10CC-41A6-920F-708610B98DAA}.Release|Any CPU.ActiveCfg = Release|Any CPU
		{D6F8C4A1-10CC-41A6-920F-708610B98DAA}.Release|Any CPU.Build.0 = Release|Any CPU
	EndGlobalSection
	GlobalSection(SolutionProperties) = preSolution
		HideSolutionNode = FALSE
	EndGlobalSection
	GlobalSection(ExtensibilityGlobals) = postSolution
		SolutionGuid = {0D35DB12-8121-4D00-B9FF-A87C57178B13}
	EndGlobalSection
EndGlobal
